
Microsoft Visual Studio Solution File, Format Version 12.00
# Visual Studio Version 17
VisualStudioVersion = 17.8.34330.188
MinimumVisualStudioVersion = 10.0.40219.1
Project("{9A19103F-16F7-4668-BE54-9A1E7A4F7556}") = "SZUTManager", "SZUTManager\SZUTManager.csproj", "{87507DC1-49EF-480F-8781-9E54A94D7F90}"
EndProject
Global
	GlobalSection(SolutionConfigurationPlatforms) = preSolution
		Debug|Any CPU = Debug|Any CPU
		Release|Any CPU = Release|Any CPU
	EndGlobalSection
	GlobalSection(ProjectConfigurationPlatforms) = postSolution
		{87507DC1-49EF-480F-8781-9E54A94D7F90}.Debug|Any CPU.ActiveCfg = Debug|Any CPU
		{87507DC1-49EF-480F-8781-9E54A94D7F90}.Debug|Any CPU.Build.0 = Debug|Any CPU
		{87507DC1-49EF-480F-8781-9E54A94D7F90}.Debug|Any CPU.Deploy.0 = Debug|Any CPU
		{87507DC1-49EF-480F-8781-9E54A94D7F90}.Release|Any CPU.ActiveCfg = Release|Any CPU
		{87507DC1-49EF-480F-8781-9E54A94D7F90}.Release|Any CPU.Build.0 = Release|Any CPU
		{87507DC1-49EF-480F-8781-9E54A94D7F90}.Release|Any CPU.Deploy.0 = Release|Any CPU
	EndGlobalSection
	GlobalSection(SolutionProperties) = preSolution
		HideSolutionNode = FALSE
	EndGlobalSection
	GlobalSection(ExtensibilityGlobals) = postSolution
		SolutionGuid = {4276DFAC-6810-47B9-87FE-8199A5E93123}
	EndGlobalSection
EndGlobal
